
Microsoft Visual Studio Solution File, Format Version 12.00
# Visual Studio Version 17
VisualStudioVersion = 17.14.36414.22 d17.14
MinimumVisualStudioVersion = 10.0.40219.1
Project("{FAE04EC0-301F-11D3-BF4B-00C04F79EFBC}") = "SimpApplication", "SimpApplication\SimpApplication.csproj", "{B4AED4C4-1190-4EDD-9E16-D72484CD8D1F}"
EndProject
Global
	GlobalSection(SolutionConfigurationPlatforms) = preSolution
		Debug|Any CPU = Debug|Any CPU
		Release|Any CPU = Release|Any CPU
	EndGlobalSection
	GlobalSection(ProjectConfigurationPlatforms) = postSolution
		{B4AED4C4-1190-4EDD-9E16-D72484CD8D1F}.Debug|Any CPU.ActiveCfg = Debug|Any CPU
		{B4AED4C4-1190-4EDD-9E16-D72484CD8D1F}.Debug|Any CPU.Build.0 = Debug|Any CPU
		{B4AED4C4-1190-4EDD-9E16-D72484CD8D1F}.Release|Any CPU.ActiveCfg = Release|Any CPU
		{B4AED4C4-1190-4EDD-9E16-D72484CD8D1F}.Release|Any CPU.Build.0 = Release|Any CPU
	EndGlobalSection
	GlobalSection(SolutionProperties) = preSolution
		HideSolutionNode = FALSE
	EndGlobalSection
	GlobalSection(ExtensibilityGlobals) = postSolution
		SolutionGuid = {A70C0A46-19BC-4628-99BE-C6743CCD44A4}
	EndGlobalSection
EndGlobal
